
Microsoft Visual Studio Solution File, Format Version 12.00
# Visual Studio Version 16
VisualStudioVersion = 16.0.31613.86
MinimumVisualStudioVersion = 10.0.40219.1
Project("{FAE04EC0-301F-11D3-BF4B-00C04F79EFBC}") = "EmpactisTechTestWebApp", "EmpactisTechTestWebApp.csproj", "{96012FED-66DA-42A2-A03C-443F599D70FD}"
EndProject
Global
	GlobalSection(SolutionConfigurationPlatforms) = preSolution
		Debug|Any CPU = Debug|Any CPU
		Release|Any CPU = Release|Any CPU
	EndGlobalSection
	GlobalSection(ProjectConfigurationPlatforms) = postSolution
		{96012FED-66DA-42A2-A03C-443F599D70FD}.Debug|Any CPU.ActiveCfg = Debug|Any CPU
		{96012FED-66DA-42A2-A03C-443F599D70FD}.Debug|Any CPU.Build.0 = Debug|Any CPU
		{96012FED-66DA-42A2-A03C-443F599D70FD}.Release|Any CPU.ActiveCfg = Release|Any CPU
		{96012FED-66DA-42A2-A03C-443F599D70FD}.Release|Any CPU.Build.0 = Release|Any CPU
	EndGlobalSection
	GlobalSection(SolutionProperties) = preSolution
		HideSolutionNode = FALSE
	EndGlobalSection
	GlobalSection(ExtensibilityGlobals) = postSolution
		SolutionGuid = {AF3711AF-F852-4608-BB3D-52B83EBA015A}
	EndGlobalSection
EndGlobal
